<?xml version="1.0" encoding="utf-8"?>
<Project ToolsVersion="4.0" xmlns="http://schemas.microsoft.com/developer/msbuild/2003">
  <ItemGroup>
    <ClInclude Include="MainWindow.h" />
    <ClInclude Include="stdafx.h" />
    <ClInclude Include="constants.h" />
    <ClInclude Include="version.h" />
    <ClInclude Include="Utils\Color.h">
      <Filter>Utils</Filter>
    </ClInclude>
    <ClInclude Include="Utils\FVector.h">
      <Filter>Utils</Filter>
    </ClInclude>
    <ClInclude Include="Utils\ObjLoader.h">
      <Filter>Utils</Filter>
    </ClInclude>
    <ClInclude Include="Utils\TString.h">
      <Filter>Utils</Filter>
    </ClInclude>
    <ClInclude Include="Utils\UMath.h">
      <Filter>Utils</Filter>
    </ClInclude>
    <ClInclude Include="Utils\Vector.h">
      <Filter>Utils</Filter>
    </ClInclude>
    <ClInclude Include="Renderer.h" />
    <ClInclude Include="RLHelper.h" />
    <ClInclude Include="Shader.h" />
    <ClInclude Include="Program.h" />
    <ClInclude Include="D3DHelper.h" />
    <ClInclude Include="DirectXTex\DDSTextureLoader\DDSTextureLoader.h">
      <Filter>DirectXTex</Filter>
    </ClInclude>
    <ClInclude Include="DirectXTex\WICTextureLoader\WICTextureLoader.h">
      <Filter>DirectXTex</Filter>
    </ClInclude>
    <ClInclude Include="DirectXTex\DirectXTex\DirectXTex.h">
      <Filter>DirectXTex</Filter>
    </ClInclude>
    <ClInclude Include="Utils\WICSingleton.h">
      <Filter>Utils</Filter>
    </ClInclude>
    <ClInclude Include="ShaderGroup.h" />
    <ClInclude Include="Drawable.h" />
    <ClInclude Include="MeshDrawable.h" />
    <ClInclude Include="RLUnknown.h" />
    <ClInclude Include="RLPtr.h" />
    <ClInclude Include="Texture.h" />
    <ClInclude Include="Primitive.h" />
    <ClInclude Include="Buffer.h" />
    <ClInclude Include="Head.h" />
    <ClInclude Include="Camera.h" />
  </ItemGroup>
  <ItemGroup>
    <ClCompile Include="MainWindow.cpp" />
    <ClCompile Include="Utils\Color.cpp">
      <Filter>Utils</Filter>
    </ClCompile>
    <ClCompile Include="Utils\FVector.cpp">
      <Filter>Utils</Filter>
    </ClCompile>
    <ClCompile Include="Utils\ObjLoader.cpp">
      <Filter>Utils</Filter>
    </ClCompile>
    <ClCompile Include="Utils\TString.cpp">
      <Filter>Utils</Filter>
    </ClCompile>
    <ClCompile Include="Utils\UMath.cpp">
      <Filter>Utils</Filter>
    </ClCompile>
    <ClCompile Include="Utils\Vector.cpp">
      <Filter>Utils</Filter>
    </ClCompile>
    <ClCompile Include="stdafx.cpp" />
    <ClCompile Include="Renderer.cpp" />
    <ClCompile Include="RLHelper.cpp" />
    <ClCompile Include="Shader.cpp" />
    <ClCompile Include="Program.cpp" />
    <ClCompile Include="D3DHelper.cpp" />
    <ClCompile Include="DirectXTex\DDSTextureLoader\DDSTextureLoader.cpp">
      <Filter>DirectXTex</Filter>
    </ClCompile>
    <ClCompile Include="DirectXTex\WICTextureLoader\WICTextureLoader.cpp">
      <Filter>DirectXTex</Filter>
    </ClCompile>
    <ClCompile Include="Utils\WICSingleton.cpp">
      <Filter>Utils</Filter>
    </ClCompile>
    <ClCompile Include="ShaderGroup.cpp" />
    <ClCompile Include="Drawable.cpp" />
    <ClCompile Include="MeshDrawable.cpp" />
    <ClCompile Include="RLUnknown.cpp" />
    <ClCompile Include="Texture.cpp" />
    <ClCompile Include="Primitive.cpp" />
    <ClCompile Include="Buffer.cpp" />
    <ClCompile Include="Camera.cpp" />
  </ItemGroup>
  <ItemGroup>
    <Filter Include="Utils">
      <UniqueIdentifier>{56d2e9bd-3c4e-43e2-b0dd-1994000ce7f6}</UniqueIdentifier>
    </Filter>
    <Filter Include="Shaders">
      <UniqueIdentifier>{29c76d08-860d-4576-b14c-ce90a0ffebc1}</UniqueIdentifier>
    </Filter>
    <Filter Include="DirectXTex">
      <UniqueIdentifier>{a13cdc43-8555-4b0c-8522-c077151c9949}</UniqueIdentifier>
    </Filter>
  </ItemGroup>
  <ItemGroup>
    <None Include="Shaders\frame.rlsl.glsl">
      <Filter>Shaders</Filter>
    </None>
    <None Include="Shaders\DirectDraw.fx">
      <Filter>Shaders</Filter>
    </None>
    <None Include="Shaders\Quad.fx">
      <Filter>Shaders</Filter>
    </None>
    <None Include="Shaders\ray.rlsl.glsl">
      <Filter>Shaders</Filter>
    </None>
    <None Include="Shaders\vertex.rlsl.glsl">
      <Filter>Shaders</Filter>
    </None>
    <None Include="Shaders\light.ray.rlsl.glsl">
      <Filter>Shaders</Filter>
    </None>
    <None Include="Shaders\env.ray.rlsl.glsl">
      <Filter>Shaders</Filter>
    </None>
    <None Include="Shaders\default.vertex.rlsl.glsl">
      <Filter>Shaders</Filter>
    </None>
  </ItemGroup>
</Project>