
Microsoft Visual Studio Solution File, Format Version 12.00
# Visual Studio 2012
Project("{8BC9CEB8-8B4A-11D0-8D11-00A0C91BC942}") = "RayTracedSkinParam", "RayTracedSkinParam.vcxproj", "{748AC43D-EFE3-4604-B4E1-2215208CD2FD}"
EndProject
Global
	GlobalSection(SolutionConfigurationPlatforms) = preSolution
		Debug|x64 = Debug|x64
		Release|x64 = Release|x64
	EndGlobalSection
	GlobalSection(ProjectConfigurationPlatforms) = postSolution
		{748AC43D-EFE3-4604-B4E1-2215208CD2FD}.Debug|x64.ActiveCfg = Debug|x64
		{748AC43D-EFE3-4604-B4E1-2215208CD2FD}.Debug|x64.Build.0 = Debug|x64
		{748AC43D-EFE3-4604-B4E1-2215208CD2FD}.Release|x64.ActiveCfg = Release|x64
		{748AC43D-EFE3-4604-B4E1-2215208CD2FD}.Release|x64.Build.0 = Release|x64
	EndGlobalSection
	GlobalSection(SolutionProperties) = preSolution
		HideSolutionNode = FALSE
	EndGlobalSection
EndGlobal
